{
  "nodes": {
    "elm-spa": {
      "inputs": {
        "flake-utils": [
          "mkElmDerivation",
          "flake-utils"
        ],
        "nixpkgs": [
          "mkElmDerivation",
          "nixpkgs"
        ]
      },
      "locked": {
        "lastModified": 1680551213,
        "narHash": "sha256-Sjrb0dwsEhSBqnylFl/dGThiR16QdrjEw3+bRdRTi5M=",
        "owner": "jeslie0",
        "repo": "elm-spa",
        "rev": "cc3a5921367df5fd2c29397c7c51b559a5b784f2",
        "type": "github"
      },
      "original": {
        "owner": "jeslie0",
        "repo": "elm-spa",
        "type": "github"
      }
    },
    "elm-watch": {
      "inputs": {
        "flake-utils": [
          "mkElmDerivation",
          "flake-utils"
        ],
        "nixpkgs": [
          "mkElmDerivation",
          "nixpkgs"
        ],
        "npm-fix": "npm-fix",
        "npmlock2nix": "npmlock2nix"
      },
      "locked": {
        "lastModified": 1681842996,
        "narHash": "sha256-xJy/sARdwOn9YCIkuVQdPRZRlhRJhY+Bwpu2alys8nI=",
        "owner": "jeslie0",
        "repo": "elm-watch",
        "rev": "5a358bf479f0ae3b5d7adb5c6f32bdf224cfe044",
        "type": "github"
      },
      "original": {
        "owner": "jeslie0",
        "repo": "elm-watch",
        "type": "github"
      }
    },
    "elmSnapshot": {
      "inputs": {
        "flake-utils": "flake-utils_2",
        "nixpkgs": "nixpkgs"
      },
      "locked": {
        "lastModified": 1687544254,
        "narHash": "sha256-K8xwvBinOv3WdVFv+eMB1mla7mGKp0dzKvyP/aB00Ro=",
        "owner": "jeslie0",
        "repo": "ElmSnapshot",
        "rev": "973f9b82c3735c98c22eb53a016cde7db7816721",
        "type": "github"
      },
      "original": {
        "owner": "jeslie0",
        "repo": "ElmSnapshot",
        "type": "github"
      }
    },
    "flake-compat": {
      "flake": false,
      "locked": {
        "lastModified": 1673956053,
        "narHash": "sha256-4gtG9iQuiKITOjNQQeQIpoIB6b16fm+504Ch3sNKLd8=",
        "owner": "edolstra",
        "repo": "flake-compat",
        "rev": "35bb57c0c8d8b62bbfd284272c928ceb64ddbde9",
        "type": "github"
      },
      "original": {
        "owner": "edolstra",
        "repo": "flake-compat",
        "type": "github"
      }
    },
    "flake-utils": {
      "inputs": {
        "systems": "systems"
      },
      "locked": {
        "lastModified": 1694529238,
        "narHash": "sha256-zsNZZGTGnMOf9YpHKJqMSsa0dXbfmxeoJ7xHlrt+xmY=",
        "owner": "numtide",
        "repo": "flake-utils",
        "rev": "ff7b65b44d01cf9ba6a71320833626af21126384",
        "type": "github"
      },
      "original": {
        "owner": "numtide",
        "repo": "flake-utils",
        "type": "github"
      }
    },
    "flake-utils_2": {
      "inputs": {
        "systems": "systems_2"
      },
      "locked": {
        "lastModified": 1689068808,
        "narHash": "sha256-6ixXo3wt24N/melDWjq70UuHQLxGV8jZvooRanIHXw0=",
        "owner": "numtide",
        "repo": "flake-utils",
        "rev": "919d646de7be200f3bf08cb76ae1f09402b6f9b4",
        "type": "github"
      },
      "original": {
        "owner": "numtide",
        "repo": "flake-utils",
        "type": "github"
      }
    },
    "flake-utils_3": {
      "locked": {
        "lastModified": 1667395993,
        "narHash": "sha256-nuEHfE/LcWyuSWnS8t12N1wc105Qtau+/OdUAjtQ0rA=",
        "owner": "numtide",
        "repo": "flake-utils",
        "rev": "5aed5285a952e0b949eb3ba02c12fa4fcfef535f",
        "type": "github"
      },
      "original": {
        "owner": "numtide",
        "repo": "flake-utils",
        "type": "github"
      }
    },
    "flake-utils_4": {
      "inputs": {
        "systems": "systems_3"
      },
      "locked": {
        "lastModified": 1685518550,
        "narHash": "sha256-o2d0KcvaXzTrPRIo0kOLV0/QXHhDQ5DTi+OxcjO8xqY=",
        "owner": "numtide",
        "repo": "flake-utils",
        "rev": "a1720a10a6cfe8234c0e93907ffe81be440f4cef",
        "type": "github"
      },
      "original": {
        "owner": "numtide",
        "repo": "flake-utils",
        "type": "github"
      }
    },
    "gitignore": {
      "inputs": {
        "nixpkgs": [
          "pre-commit-hooks",
          "nixpkgs"
        ]
      },
      "locked": {
        "lastModified": 1660459072,
        "narHash": "sha256-8DFJjXG8zqoONA1vXtgeKXy68KdJL5UaXR8NtVMUbx8=",
        "owner": "hercules-ci",
        "repo": "gitignore.nix",
        "rev": "a20de23b925fd8264fd7fad6454652e142fd7f73",
        "type": "github"
      },
      "original": {
        "owner": "hercules-ci",
        "repo": "gitignore.nix",
        "type": "github"
      }
    },
    "mkElmDerivation": {
      "inputs": {
        "elm-spa": "elm-spa",
        "elm-watch": "elm-watch",
        "elmSnapshot": "elmSnapshot",
        "flake-utils": "flake-utils_3",
        "nixpkgs": "nixpkgs_2"
      },
      "locked": {
        "lastModified": 1701565748,
        "narHash": "sha256-8YTHgZ3WOJamjvzRd1VUPTkh5QXBN959BOBAkcawU2g=",
        "owner": "jeslie0",
        "repo": "mkElmDerivation",
        "rev": "a37c57fff50ad87823494fc00b9762e828326f85",
        "type": "github"
      },
      "original": {
        "owner": "jeslie0",
        "repo": "mkElmDerivation",
        "type": "github"
      }
    },
    "nixpkgs": {
      "locked": {
        "lastModified": 1692494774,
        "narHash": "sha256-noGVoOTyZ2Kr5OFglzKYOX48cx3hggdCPbXrYMG2FDw=",
        "owner": "nixos",
        "repo": "nixpkgs",
        "rev": "3476a10478587dec90acb14ec6bde0966c545cc0",
        "type": "github"
      },
      "original": {
        "owner": "nixos",
        "ref": "nixpkgs-unstable",
        "repo": "nixpkgs",
        "type": "github"
      }
    },
    "nixpkgs-stable": {
      "locked": {
        "lastModified": 1685801374,
        "narHash": "sha256-otaSUoFEMM+LjBI1XL/xGB5ao6IwnZOXc47qhIgJe8U=",
        "owner": "NixOS",
        "repo": "nixpkgs",
        "rev": "c37ca420157f4abc31e26f436c1145f8951ff373",
        "type": "github"
      },
      "original": {
        "owner": "NixOS",
        "ref": "nixos-23.05",
        "repo": "nixpkgs",
        "type": "github"
      }
    },
    "nixpkgs_2": {
      "locked": {
        "lastModified": 1674899129,
        "narHash": "sha256-6LGae8WbdCN4S9+o2wfYDJPpfxC2EnXEvoopVkguNtc=",
        "owner": "nixos",
        "repo": "nixpkgs",
        "rev": "6b9c27b4c9c1c329b27a44ed1fa8935df79f9a8b",
        "type": "github"
      },
      "original": {
        "owner": "nixos",
        "ref": "nixpkgs-unstable",
        "repo": "nixpkgs",
        "type": "github"
      }
    },
    "nixpkgs_3": {
      "locked": {
        "lastModified": 1702233072,
        "narHash": "sha256-H5G2wgbim2Ku6G6w+NSaQaauv6B6DlPhY9fMvArKqRo=",
        "owner": "nixos",
        "repo": "nixpkgs",
        "rev": "781e2a9797ecf0f146e81425c822dca69fe4a348",
        "type": "github"
      },
      "original": {
        "owner": "nixos",
        "ref": "nixos-23.11",
        "repo": "nixpkgs",
        "type": "github"
      }
    },
    "nixpkgs_4": {
      "locked": {
        "lastModified": 1689261696,
        "narHash": "sha256-LzfUtFs9MQRvIoQ3MfgSuipBVMXslMPH/vZ+nM40LkA=",
        "owner": "NixOS",
        "repo": "nixpkgs",
        "rev": "df1eee2aa65052a18121ed4971081576b25d6b5c",
        "type": "github"
      },
      "original": {
        "owner": "NixOS",
        "ref": "nixpkgs-unstable",
        "repo": "nixpkgs",
        "type": "github"
      }
    },
    "npm-fix": {
      "inputs": {
        "flake-utils": [
          "mkElmDerivation",
          "elm-watch",
          "flake-utils"
        ],
        "nixpkgs": [
          "mkElmDerivation",
          "elm-watch",
          "nixpkgs"
        ]
      },
      "locked": {
        "lastModified": 1681681690,
        "narHash": "sha256-mI2ND49vInMbeXSMQDp8y7Prjh53W4RlpixWRlH2Lio=",
        "owner": "jeslie0",
        "repo": "npm-lockfile-fix",
        "rev": "1a3799d0b8b9ed5b51f39bd878a3ba2d8ac5656a",
        "type": "github"
      },
      "original": {
        "owner": "jeslie0",
        "repo": "npm-lockfile-fix",
        "type": "github"
      }
    },
    "npmlock2nix": {
      "flake": false,
      "locked": {
        "lastModified": 1673447413,
        "narHash": "sha256-sJM82Sj8yfQYs9axEmGZ9Evzdv/kDcI9sddqJ45frrU=",
        "owner": "nix-community",
        "repo": "npmlock2nix",
        "rev": "9197bbf397d76059a76310523d45df10d2e4ca81",
        "type": "github"
      },
      "original": {
        "owner": "nix-community",
        "repo": "npmlock2nix",
        "type": "github"
      }
    },
    "pre-commit-hooks": {
      "inputs": {
        "flake-compat": "flake-compat",
        "flake-utils": "flake-utils_4",
        "gitignore": "gitignore",
        "nixpkgs": "nixpkgs_4",
        "nixpkgs-stable": "nixpkgs-stable"
      },
      "locked": {
        "lastModified": 1700064067,
        "narHash": "sha256-1ZWNDzhu8UlVCK7+DUN9dVQfiHX1bv6OQP9VxstY/gs=",
        "owner": "cachix",
        "repo": "pre-commit-hooks.nix",
        "rev": "e558068cba67b23b4fbc5537173dbb43748a17e8",
        "type": "github"
      },
      "original": {
        "owner": "cachix",
        "repo": "pre-commit-hooks.nix",
        "type": "github"
      }
    },
    "root": {
      "inputs": {
        "flake-utils": "flake-utils",
        "mkElmDerivation": "mkElmDerivation",
        "nixpkgs": "nixpkgs_3",
        "pre-commit-hooks": "pre-commit-hooks"
      }
    },
    "systems": {
      "locked": {
        "lastModified": 1681028828,
        "narHash": "sha256-Vy1rq5AaRuLzOxct8nz4T6wlgyUR7zLU309k9mBC768=",
        "owner": "nix-systems",
        "repo": "default",
        "rev": "da67096a3b9bf56a91d16901293e51ba5b49a27e",
        "type": "github"
      },
      "original": {
        "owner": "nix-systems",
        "repo": "default",
        "type": "github"
      }
    },
    "systems_2": {
      "locked": {
        "lastModified": 1681028828,
        "narHash": "sha256-Vy1rq5AaRuLzOxct8nz4T6wlgyUR7zLU309k9mBC768=",
        "owner": "nix-systems",
        "repo": "default",
        "rev": "da67096a3b9bf56a91d16901293e51ba5b49a27e",
        "type": "github"
      },
      "original": {
        "owner": "nix-systems",
        "repo": "default",
        "type": "github"
      }
    },
    "systems_3": {
      "locked": {
        "lastModified": 1681028828,
        "narHash": "sha256-Vy1rq5AaRuLzOxct8nz4T6wlgyUR7zLU309k9mBC768=",
        "owner": "nix-systems",
        "repo": "default",
        "rev": "da67096a3b9bf56a91d16901293e51ba5b49a27e",
        "type": "github"
      },
      "original": {
        "owner": "nix-systems",
        "repo": "default",
        "type": "github"
      }
    }
  },
  "root": "root",
  "version": 7
}
